
Microsoft Visual Studio Solution File, Format Version 12.00
# Visual Studio Version 17
VisualStudioVersion = 17.0.32112.339
MinimumVisualStudioVersion = 10.0.40219.1
Project("{FAE04EC0-301F-11D3-BF4B-00C04F79EFBC}") = "wl_dotnet", "wl_dotnet\wl_dotnet.csproj", "{AD49F4A2-861A-4CA5-9376-715447408C04}"
EndProject
Global
	GlobalSection(SolutionConfigurationPlatforms) = preSolution
		Debug|Any CPU = Debug|Any CPU
		Release|Any CPU = Release|Any CPU
	EndGlobalSection
	GlobalSection(ProjectConfigurationPlatforms) = postSolution
		{AD49F4A2-861A-4CA5-9376-715447408C04}.Debug|Any CPU.ActiveCfg = Debug|Any CPU
		{AD49F4A2-861A-4CA5-9376-715447408C04}.Debug|Any CPU.Build.0 = Debug|Any CPU
		{AD49F4A2-861A-4CA5-9376-715447408C04}.Release|Any CPU.ActiveCfg = Release|Any CPU
		{AD49F4A2-861A-4CA5-9376-715447408C04}.Release|Any CPU.Build.0 = Release|Any CPU
	EndGlobalSection
	GlobalSection(SolutionProperties) = preSolution
		HideSolutionNode = FALSE
	EndGlobalSection
	GlobalSection(ExtensibilityGlobals) = postSolution
		SolutionGuid = {79F02A6E-3415-4410-8360-BA00ED8C92CF}
	EndGlobalSection
EndGlobal
